// !$*UTF8*$!
{
	archiveVersion = 1;
	classes = {
	};
	objectVersion = 46;
	objects = {

/* Begin PBXBuildFile section */
		2771821C1E6014040080E583 /* AppDelegate.swift in Sources */ = {isa = PBXBuildFile; fileRef = 2771821B1E6014040080E583 /* AppDelegate.swift */; };
		2771821E1E6014040080E583 /* ViewController.swift in Sources */ = {isa = PBXBuildFile; fileRef = 2771821D1E6014040080E583 /* ViewController.swift */; };
		277182211E6014040080E583 /* Main.storyboard in Resources */ = {isa = PBXBuildFile; fileRef = 2771821F1E6014040080E583 /* Main.storyboard */; };
		277182231E6014040080E583 /* Assets.xcassets in Resources */ = {isa = PBXBuildFile; fileRef = 277182221E6014040080E583 /* Assets.xcassets */; };
		277182261E6014040080E583 /* LaunchScreen.storyboard in Resources */ = {isa = PBXBuildFile; fileRef = 277182241E6014040080E583 /* LaunchScreen.storyboard */; };
/* End PBXBuildFile section */

/* Begin PBXFileReference section */
		277182181E6014040080E583 /* Swift3.0-005-逻辑分支.app */ = {isa = PBXFileReference; explicitFileType = wrapper.application; includeInIndex = 0; path = "Swift3.0-005-逻辑分支.app"; sourceTree = BUILT_PRODUCTS_DIR; };
		2771821B1E6014040080E583 /* AppDelegate.swift */ = {isa = PBXFileReference; lastKnownFileType = sourcecode.swift; path = AppDelegate.swift; sourceTree = "<group>"; };
		2771821D1E6014040080E583 /* ViewController.swift */ = {isa = PBXFileReference; lastKnownFileType = sourcecode.swift; path = ViewController.swift; sourceTree = "<group>"; };
		277182201E6014040080E583 /* Base */ = {isa = PBXFileReference; lastKnownFileType = file.storyboard; name = Base; path = Base.lproj/Main.storyboard; sourceTree = "<group>"; };
		277182221E6014040080E583 /* Assets.xcassets */ = {isa = PBXFileReference; lastKnownFileType = folder.assetcatalog; path = Assets.xcassets; sourceTree = "<group>"; };
		277182251E6014040080E583 /* Base */ = {isa = PBXFileReference; lastKnownFileType = file.storyboard; name = Base; path = Base.lproj/LaunchScreen.storyboard; sourceTree = "<group>"; };
		277182271E6014040080E583 /* Info.plist */ = {isa = PBXFileReference; lastKnownFileType = text.plist.xml; path = Info.plist; sourceTree = "<group>"; };
/* End PBXFileReference section */

/* Begin PBXFrameworksBuildPhase section */
		277182151E6014040080E583 /* Frameworks */ = {
			isa = PBXFrameworksBuildPhase;
			buildActionMask = 2147483647;
			files = (
			);
			runOnlyForDeploymentPostprocessing = 0;
		};
/* End PBXFrameworksBuildPhase section */

/* Begin PBXGroup section */
		2771820F1E6014040080E583 = {
			isa = PBXGroup;
			children = (
				2771821A1E6014040080E583 /* Swift3.0-005-逻辑分支 */,
				277182191E6014040080E583 /* Products */,
			);
			sourceTree = "<group>";
		};
		277182191E6014040080E583 /* Products */ = {
			isa = PBXGroup;
			children = (
				277182181E6014040080E583 /* Swift3.0-005-逻辑分支.app */,
			);
			name = Products;
			sourceTree = "<group>";
		};
		2771821A1E6014040080E583 /* Swift3.0-005-逻辑分支 */ = {
			isa = PBXGroup;
			children = (
				2771821B1E6014040080E583 /* AppDelegate.swift */,
				2771821D1E6014040080E583 /* ViewController.swift */,
				2771821F1E6014040080E583 /* Main.storyboard */,
				277182221E6014040080E583 /* Assets.xcassets */,
				277182241E6014040080E583 /* LaunchScreen.storyboard */,
				277182271E6014040080E583 /* Info.plist */,
			);
			path = "Swift3.0-005-逻辑分支";
			sourceTree = "<group>";
		};
/* End PBXGroup section */

/* Begin PBXNativeTarget section */
		277182171E6014040080E583 /* Swift3.0-005-逻辑分支 */ = {
			isa = PBXNativeTarget;
			buildConfigurationList = 2771822A1E6014040080E583 /* Build configuration list for PBXNativeTarget "Swift3.0-005-逻辑分支" */;
			buildPhases = (
				277182141E6014040080E583 /* Sources */,
				277182151E6014040080E583 /* Frameworks */,
				277182161E6014040080E583 /* Resources */,
			);
			buildRules = (
			);
			dependencies = (
			);
			name = "Swift3.0-005-逻辑分支";
			productName = "Swift3.0-005-逻辑分支";
			productReference = 277182181E6014040080E583 /* Swift3.0-005-逻辑分支.app */;
			productType = "com.apple.product-type.application";
		};
/* End PBXNativeTarget section */

/* Begin PBXProject section */
		277182101E6014040080E583 /* Project object */ = {
			isa = PBXProject;
			attributes = {
				LastSwiftUpdateCheck = 0820;
				LastUpgradeCheck = 0820;
				ORGANIZATIONNAME = tantan;
				TargetAttributes = {
					277182171E6014040080E583 = {
						CreatedOnToolsVersion = 8.2.1;
						DevelopmentTeam = GLKJJ23FAT;
						ProvisioningStyle = Automatic;
					};
				};
			};
			buildConfigurationList = 277182131E6014040080E583 /* Build configuration list for PBXProject "Swift3.0-005-逻辑分支" */;
			compatibilityVersion = "Xcode 3.2";
			developmentRegion = English;
			hasScannedForEncodings = 0;
			knownRegions = (
				en,
				Base,
			);
			mainGroup = 2771820F1E6014040080E583;
			productRefGroup = 277182191E6014040080E583 /* Products */;
			projectDirPath = "";
			projectRoot = "";
			targets = (
				277182171E6014040080E583 /* Swift3.0-005-逻辑分支 */,
			);
		};
/* End PBXProject section */

/* Begin PBXResourcesBuildPhase section */
		277182161E6014040080E583 /* Resources */ = {
			isa = PBXResourcesBuildPhase;
			buildActionMask = 2147483647;
			files = (
				277182261E6014040080E583 /* LaunchScreen.storyboard in Resources */,
				277182231E6014040080E583 /* Assets.xcassets in Resources */,
				277182211E6014040080E583 /* Main.storyboard in Resources */,
			);
			runOnlyForDeploymentPostprocessing = 0;
		};
/* End PBXResourcesBuildPhase section */

/* Begin PBXSourcesBuildPhase section */
		277182141E6014040080E583 /* Sources */ = {
			isa = PBXSourcesBuildPhase;
			buildActionMask = 2147483647;
			files = (
				2771821E1E6014040080E583 /* ViewController.swift in Sources */,
				2771821C1E6014040080E583 /* AppDelegate.swift in Sources */,
			);
			runOnlyForDeploymentPostprocessing = 0;
		};
/* End PBXSourcesBuildPhase section */

/* Begin PBXVariantGroup section */
		2771821F1E6014040080E583 /* Main.storyboard */ = {
			isa = PBXVariantGroup;
			children = (
				277182201E6014040080E583 /* Base */,
			);
			name = Main.storyboard;
			sourceTree = "<group>";
		};
		277182241E6014040080E583 /* LaunchScreen.storyboard */ = {
			isa = PBXVariantGroup;
			children = (
				277182251E6014040080E583 /* Base */,
			);
			name = LaunchScreen.storyboard;
			sourceTree = "<group>";
		};
/* End PBXVariantGroup section */

/* Begin XCBuildConfiguration section */
		277182281E6014040080E583 /* Debug */ = {
			isa = XCBuildConfiguration;
			buildSettings = {
				ALWAYS_SEARCH_USER_PATHS = NO;
				CLANG_ANALYZER_NONNULL = YES;
				CLANG_CXX_LANGUAGE_STANDARD = "gnu++0x";
				CLANG_CXX_LIBRARY = "libc++";
				CLANG_ENABLE_MODULES = YES;
				CLANG_ENABLE_OBJC_ARC = YES;
				CLANG_WARN_BOOL_CONVERSION = YES;
				CLANG_WARN_CONSTANT_CONVERSION = YES;
				CLANG_WARN_DIRECT_OBJC_ISA_USAGE = YES_ERROR;
				CLANG_WARN_DOCUMENTATION_COMMENTS = YES;
				CLANG_WARN_EMPTY_BODY = YES;
				CLANG_WARN_ENUM_CONVERSION = YES;
				CLANG_WARN_INFINITE_RECURSION = YES;
				CLANG_WARN_INT_CONVERSION = YES;
				CLANG_WARN_OBJC_ROOT_CLASS = YES_ERROR;
				CLANG_WARN_SUSPICIOUS_MOVE = YES;
				CLANG_WARN_UNREACHABLE_CODE = YES;
				CLANG_WARN__DUPLICATE_METHOD_MATCH = YES;
				"CODE_SIGN_IDENTITY[sdk=iphoneos*]" = "iPhone Developer";
				COPY_PHASE_STRIP = NO;
				DEBUG_INFORMATION_FORMAT = dwarf;
				ENABLE_STRICT_OBJC_MSGSEND = YES;
				ENABLE_TESTABILITY = YES;
				GCC_C_LANGUAGE_STANDARD = gnu99;
				GCC_DYNAMIC_NO_PIC = NO;
				GCC_NO_COMMON_BLOCKS = YES;
				GCC_OPTIMIZATION_LEVEL = 0;
				GCC_PREPROCESSOR_DEFINITIONS = (
					"DEBUG=1",
					"$(inherited)",
				);
				GCC_WARN_64_TO_32_BIT_CONVERSION = YES;
				GCC_WARN_ABOUT_RETURN_TYPE = YES_ERROR;
				GCC_WARN_UNDECLARED_SELECTOR = YES;
				GCC_WARN_UNINITIALIZED_AUTOS = YES_AGGRESSIVE;
				GCC_WARN_UNUSED_FUNCTION = YES;
				GCC_WARN_UNUSED_VARIABLE = YES;
				IPHONEOS_DEPLOYMENT_TARGET = 10.2;
				MTL_ENABLE_DEBUG_INFO = YES;
				ONLY_ACTIVE_ARCH = YES;
				SDKROOT = iphoneos;
				SWIFT_ACTIVE_COMPILATION_CONDITIONS = DEBUG;
				SWIFT_OPTIMIZATION_LEVEL = "-Onone";
			};
			name = Debug;
		};
		277182291E6014040080E583 /* Release */ = {
			isa = XCBuildConfiguration;
			buildSettings = {
				ALWAYS_SEARCH_USER_PATHS = NO;
				CLANG_ANALYZER_NONNULL = YES;
				CLANG_CXX_LANGUAGE_STANDARD = "gnu++0x";
				CLANG_CXX_LIBRARY = "libc++";
				CLANG_ENABLE_MODULES = YES;
				CLANG_ENABLE_OBJC_ARC = YES;
				CLANG_WARN_BOOL_CONVERSION = YES;
				CLANG_WARN_CONSTANT_CONVERSION = YES;
				CLANG_WARN_DIRECT_OBJC_ISA_USAGE = YES_ERROR;
				CLANG_WARN_DOCUMENTATION_COMMENTS = YES;
				CLANG_WARN_EMPTY_BODY = YES;
				CLANG_WARN_ENUM_CONVERSION = YES;
				CLANG_WARN_INFINITE_RECURSION = YES;
				CLANG_WARN_INT_CONVERSION = YES;
				CLANG_WARN_OBJC_ROOT_CLASS = YES_ERROR;
				CLANG_WARN_SUSPICIOUS_MOVE = YES;
				CLANG_WARN_UNREACHABLE_CODE = YES;
				CLANG_WARN__DUPLICATE_METHOD_MATCH = YES;
				"CODE_SIGN_IDENTITY[sdk=iphoneos*]" = "iPhone Developer";
				COPY_PHASE_STRIP = NO;
				DEBUG_INFORMATION_FORMAT = "dwarf-with-dsym";
				ENABLE_NS_ASSERTIONS = NO;
				ENABLE_STRICT_OBJC_MSGSEND = YES;
				GCC_C_LANGUAGE_STANDARD = gnu99;
				GCC_NO_COMMON_BLOCKS = YES;
				GCC_WARN_64_TO_32_BIT_CONVERSION = YES;
				GCC_WARN_ABOUT_RETURN_TYPE = YES_ERROR;
				GCC_WARN_UNDECLARED_SELECTOR = YES;
				GCC_WARN_UNINITIALIZED_AUTOS = YES_AGGRESSIVE;
				GCC_WARN_UNUSED_FUNCTION = YES;
				GCC_WARN_UNUSED_VARIABLE = YES;
				IPHONEOS_DEPLOYMENT_TARGET = 10.2;
				MTL_ENABLE_DEBUG_INFO = NO;
				SDKROOT = iphoneos;
				SWIFT_OPTIMIZATION_LEVEL = "-Owholemodule";
				VALIDATE_PRODUCT = YES;
			};
			name = Release;
		};
		2771822B1E6014040080E583 /* Debug */ = {
			isa = XCBuildConfiguration;
			buildSettings = {
				ASSETCATALOG_COMPILER_APPICON_NAME = AppIcon;
				DEVELOPMENT_TEAM = GLKJJ23FAT;
				INFOPLIST_FILE = "Swift3.0-005-逻辑分支/Info.plist";
				LD_RUNPATH_SEARCH_PATHS = "$(inherited) @executable_path/Frameworks";
				PRODUCT_BUNDLE_IDENTIFIER = "tantan.Swift3-0-005-----";
				PRODUCT_NAME = "$(TARGET_NAME)";
				SWIFT_VERSION = 3.0;
			};
			name = Debug;
		};
		2771822C1E6014040080E583 /* Release */ = {
			isa = XCBuildConfiguration;
			buildSettings = {
				ASSETCATALOG_COMPILER_APPICON_NAME = AppIcon;
				DEVELOPMENT_TEAM = GLKJJ23FAT;
				INFOPLIST_FILE = "Swift3.0-005-逻辑分支/Info.plist";
				LD_RUNPATH_SEARCH_PATHS = "$(inherited) @executable_path/Frameworks";
				PRODUCT_BUNDLE_IDENTIFIER = "tantan.Swift3-0-005-----";
				PRODUCT_NAME = "$(TARGET_NAME)";
				SWIFT_VERSION = 3.0;
			};
			name = Release;
		};
/* End XCBuildConfiguration section */

/* Begin XCConfigurationList section */
		277182131E6014040080E583 /* Build configuration list for PBXProject "Swift3.0-005-逻辑分支" */ = {
			isa = XCConfigurationList;
			buildConfigurations = (
				277182281E6014040080E583 /* Debug */,
				277182291E6014040080E583 /* Release */,
			);
			defaultConfigurationIsVisible = 0;
			defaultConfigurationName = Release;
		};
		2771822A1E6014040080E583 /* Build configuration list for PBXNativeTarget "Swift3.0-005-逻辑分支" */ = {
			isa = XCConfigurationList;
			buildConfigurations = (
				2771822B1E6014040080E583 /* Debug */,
				2771822C1E6014040080E583 /* Release */,
			);
			defaultConfigurationIsVisible = 0;
		};
/* End XCConfigurationList section */
	};
	rootObject = 277182101E6014040080E583 /* Project object */;
}
