// !$*UTF8*$!
{
	archiveVersion = 1;
	classes = {
	};
	objectVersion = 46;
	objects = {

/* Begin PBXBuildFile section */
		2748B72F1EF7A4FF00FD7462 /* AppDelegate.swift in Sources */ = {isa = PBXBuildFile; fileRef = 2748B72E1EF7A4FF00FD7462 /* AppDelegate.swift */; };
		2748B7311EF7A50000FD7462 /* ViewController.swift in Sources */ = {isa = PBXBuildFile; fileRef = 2748B7301EF7A50000FD7462 /* ViewController.swift */; };
		2748B7341EF7A50000FD7462 /* Main.storyboard in Resources */ = {isa = PBXBuildFile; fileRef = 2748B7321EF7A50000FD7462 /* Main.storyboard */; };
		2748B7361EF7A50000FD7462 /* Assets.xcassets in Resources */ = {isa = PBXBuildFile; fileRef = 2748B7351EF7A50000FD7462 /* Assets.xcassets */; };
		2748B7391EF7A50000FD7462 /* LaunchScreen.storyboard in Resources */ = {isa = PBXBuildFile; fileRef = 2748B7371EF7A50000FD7462 /* LaunchScreen.storyboard */; };
		A22D1F081F5CE18E0079B5EB /* DemoViewController.m in Sources */ = {isa = PBXBuildFile; fileRef = A22D1F071F5CE18E0079B5EB /* DemoViewController.m */; };
/* End PBXBuildFile section */

/* Begin PBXFileReference section */
		2748B72B1EF7A4FF00FD7462 /* 003-闭包的定义.app */ = {isa = PBXFileReference; explicitFileType = wrapper.application; includeInIndex = 0; path = "003-闭包的定义.app"; sourceTree = BUILT_PRODUCTS_DIR; };
		2748B72E1EF7A4FF00FD7462 /* AppDelegate.swift */ = {isa = PBXFileReference; lastKnownFileType = sourcecode.swift; path = AppDelegate.swift; sourceTree = "<group>"; };
		2748B7301EF7A50000FD7462 /* ViewController.swift */ = {isa = PBXFileReference; lastKnownFileType = sourcecode.swift; path = ViewController.swift; sourceTree = "<group>"; };
		2748B7331EF7A50000FD7462 /* Base */ = {isa = PBXFileReference; lastKnownFileType = file.storyboard; name = Base; path = Base.lproj/Main.storyboard; sourceTree = "<group>"; };
		2748B7351EF7A50000FD7462 /* Assets.xcassets */ = {isa = PBXFileReference; lastKnownFileType = folder.assetcatalog; path = Assets.xcassets; sourceTree = "<group>"; };
		2748B7381EF7A50000FD7462 /* Base */ = {isa = PBXFileReference; lastKnownFileType = file.storyboard; name = Base; path = Base.lproj/LaunchScreen.storyboard; sourceTree = "<group>"; };
		2748B73A1EF7A50000FD7462 /* Info.plist */ = {isa = PBXFileReference; lastKnownFileType = text.plist.xml; path = Info.plist; sourceTree = "<group>"; };
		A22D1F051F5CE18D0079B5EB /* 003-闭包的定义-Bridging-Header.h */ = {isa = PBXFileReference; lastKnownFileType = sourcecode.c.h; path = "003-闭包的定义-Bridging-Header.h"; sourceTree = "<group>"; };
		A22D1F061F5CE18E0079B5EB /* DemoViewController.h */ = {isa = PBXFileReference; fileEncoding = 4; lastKnownFileType = sourcecode.c.h; path = DemoViewController.h; sourceTree = "<group>"; };
		A22D1F071F5CE18E0079B5EB /* DemoViewController.m */ = {isa = PBXFileReference; fileEncoding = 4; lastKnownFileType = sourcecode.c.objc; path = DemoViewController.m; sourceTree = "<group>"; };
/* End PBXFileReference section */

/* Begin PBXFrameworksBuildPhase section */
		2748B7281EF7A4FF00FD7462 /* Frameworks */ = {
			isa = PBXFrameworksBuildPhase;
			buildActionMask = 2147483647;
			files = (
			);
			runOnlyForDeploymentPostprocessing = 0;
		};
/* End PBXFrameworksBuildPhase section */

/* Begin PBXGroup section */
		2748B7221EF7A4FF00FD7462 = {
			isa = PBXGroup;
			children = (
				2748B72D1EF7A4FF00FD7462 /* 003-闭包的定义 */,
				2748B72C1EF7A4FF00FD7462 /* Products */,
			);
			sourceTree = "<group>";
		};
		2748B72C1EF7A4FF00FD7462 /* Products */ = {
			isa = PBXGroup;
			children = (
				2748B72B1EF7A4FF00FD7462 /* 003-闭包的定义.app */,
			);
			name = Products;
			sourceTree = "<group>";
		};
		2748B72D1EF7A4FF00FD7462 /* 003-闭包的定义 */ = {
			isa = PBXGroup;
			children = (
				2748B72E1EF7A4FF00FD7462 /* AppDelegate.swift */,
				2748B7301EF7A50000FD7462 /* ViewController.swift */,
				A22D1F061F5CE18E0079B5EB /* DemoViewController.h */,
				A22D1F071F5CE18E0079B5EB /* DemoViewController.m */,
				2748B7321EF7A50000FD7462 /* Main.storyboard */,
				2748B7351EF7A50000FD7462 /* Assets.xcassets */,
				2748B7371EF7A50000FD7462 /* LaunchScreen.storyboard */,
				2748B73A1EF7A50000FD7462 /* Info.plist */,
				A22D1F051F5CE18D0079B5EB /* 003-闭包的定义-Bridging-Header.h */,
			);
			path = "003-闭包的定义";
			sourceTree = "<group>";
		};
/* End PBXGroup section */

/* Begin PBXNativeTarget section */
		2748B72A1EF7A4FF00FD7462 /* 003-闭包的定义 */ = {
			isa = PBXNativeTarget;
			buildConfigurationList = 2748B73D1EF7A50000FD7462 /* Build configuration list for PBXNativeTarget "003-闭包的定义" */;
			buildPhases = (
				2748B7271EF7A4FF00FD7462 /* Sources */,
				2748B7281EF7A4FF00FD7462 /* Frameworks */,
				2748B7291EF7A4FF00FD7462 /* Resources */,
			);
			buildRules = (
			);
			dependencies = (
			);
			name = "003-闭包的定义";
			productName = "003-闭包的定义";
			productReference = 2748B72B1EF7A4FF00FD7462 /* 003-闭包的定义.app */;
			productType = "com.apple.product-type.application";
		};
/* End PBXNativeTarget section */

/* Begin PBXProject section */
		2748B7231EF7A4FF00FD7462 /* Project object */ = {
			isa = PBXProject;
			attributes = {
				LastSwiftUpdateCheck = 0830;
				LastUpgradeCheck = 0830;
				ORGANIZATIONNAME = tantan;
				TargetAttributes = {
					2748B72A1EF7A4FF00FD7462 = {
						CreatedOnToolsVersion = 8.3.3;
						DevelopmentTeam = GLKJJ23FAT;
						LastSwiftMigration = 0830;
						ProvisioningStyle = Automatic;
					};
				};
			};
			buildConfigurationList = 2748B7261EF7A4FF00FD7462 /* Build configuration list for PBXProject "003-闭包的定义" */;
			compatibilityVersion = "Xcode 3.2";
			developmentRegion = English;
			hasScannedForEncodings = 0;
			knownRegions = (
				en,
				Base,
			);
			mainGroup = 2748B7221EF7A4FF00FD7462;
			productRefGroup = 2748B72C1EF7A4FF00FD7462 /* Products */;
			projectDirPath = "";
			projectRoot = "";
			targets = (
				2748B72A1EF7A4FF00FD7462 /* 003-闭包的定义 */,
			);
		};
/* End PBXProject section */

/* Begin PBXResourcesBuildPhase section */
		2748B7291EF7A4FF00FD7462 /* Resources */ = {
			isa = PBXResourcesBuildPhase;
			buildActionMask = 2147483647;
			files = (
				2748B7391EF7A50000FD7462 /* LaunchScreen.storyboard in Resources */,
				2748B7361EF7A50000FD7462 /* Assets.xcassets in Resources */,
				2748B7341EF7A50000FD7462 /* Main.storyboard in Resources */,
			);
			runOnlyForDeploymentPostprocessing = 0;
		};
/* End PBXResourcesBuildPhase section */

/* Begin PBXSourcesBuildPhase section */
		2748B7271EF7A4FF00FD7462 /* Sources */ = {
			isa = PBXSourcesBuildPhase;
			buildActionMask = 2147483647;
			files = (
				A22D1F081F5CE18E0079B5EB /* DemoViewController.m in Sources */,
				2748B7311EF7A50000FD7462 /* ViewController.swift in Sources */,
				2748B72F1EF7A4FF00FD7462 /* AppDelegate.swift in Sources */,
			);
			runOnlyForDeploymentPostprocessing = 0;
		};
/* End PBXSourcesBuildPhase section */

/* Begin PBXVariantGroup section */
		2748B7321EF7A50000FD7462 /* Main.storyboard */ = {
			isa = PBXVariantGroup;
			children = (
				2748B7331EF7A50000FD7462 /* Base */,
			);
			name = Main.storyboard;
			sourceTree = "<group>";
		};
		2748B7371EF7A50000FD7462 /* LaunchScreen.storyboard */ = {
			isa = PBXVariantGroup;
			children = (
				2748B7381EF7A50000FD7462 /* Base */,
			);
			name = LaunchScreen.storyboard;
			sourceTree = "<group>";
		};
/* End PBXVariantGroup section */

/* Begin XCBuildConfiguration section */
		2748B73B1EF7A50000FD7462 /* Debug */ = {
			isa = XCBuildConfiguration;
			buildSettings = {
				ALWAYS_SEARCH_USER_PATHS = NO;
				CLANG_ANALYZER_NONNULL = YES;
				CLANG_ANALYZER_NUMBER_OBJECT_CONVERSION = YES_AGGRESSIVE;
				CLANG_CXX_LANGUAGE_STANDARD = "gnu++0x";
				CLANG_CXX_LIBRARY = "libc++";
				CLANG_ENABLE_MODULES = YES;
				CLANG_ENABLE_OBJC_ARC = YES;
				CLANG_WARN_BOOL_CONVERSION = YES;
				CLANG_WARN_CONSTANT_CONVERSION = YES;
				CLANG_WARN_DIRECT_OBJC_ISA_USAGE = YES_ERROR;
				CLANG_WARN_DOCUMENTATION_COMMENTS = YES;
				CLANG_WARN_EMPTY_BODY = YES;
				CLANG_WARN_ENUM_CONVERSION = YES;
				CLANG_WARN_INFINITE_RECURSION = YES;
				CLANG_WARN_INT_CONVERSION = YES;
				CLANG_WARN_OBJC_ROOT_CLASS = YES_ERROR;
				CLANG_WARN_SUSPICIOUS_MOVE = YES;
				CLANG_WARN_UNREACHABLE_CODE = YES;
				CLANG_WARN__DUPLICATE_METHOD_MATCH = YES;
				"CODE_SIGN_IDENTITY[sdk=iphoneos*]" = "iPhone Developer";
				COPY_PHASE_STRIP = NO;
				DEBUG_INFORMATION_FORMAT = dwarf;
				ENABLE_STRICT_OBJC_MSGSEND = YES;
				ENABLE_TESTABILITY = YES;
				GCC_C_LANGUAGE_STANDARD = gnu99;
				GCC_DYNAMIC_NO_PIC = NO;
				GCC_NO_COMMON_BLOCKS = YES;
				GCC_OPTIMIZATION_LEVEL = 0;
				GCC_PREPROCESSOR_DEFINITIONS = (
					"DEBUG=1",
					"$(inherited)",
				);
				GCC_WARN_64_TO_32_BIT_CONVERSION = YES;
				GCC_WARN_ABOUT_RETURN_TYPE = YES_ERROR;
				GCC_WARN_UNDECLARED_SELECTOR = YES;
				GCC_WARN_UNINITIALIZED_AUTOS = YES_AGGRESSIVE;
				GCC_WARN_UNUSED_FUNCTION = YES;
				GCC_WARN_UNUSED_VARIABLE = YES;
				IPHONEOS_DEPLOYMENT_TARGET = 10.3;
				MTL_ENABLE_DEBUG_INFO = YES;
				ONLY_ACTIVE_ARCH = YES;
				SDKROOT = iphoneos;
				SWIFT_ACTIVE_COMPILATION_CONDITIONS = DEBUG;
				SWIFT_OPTIMIZATION_LEVEL = "-Onone";
			};
			name = Debug;
		};
		2748B73C1EF7A50000FD7462 /* Release */ = {
			isa = XCBuildConfiguration;
			buildSettings = {
				ALWAYS_SEARCH_USER_PATHS = NO;
				CLANG_ANALYZER_NONNULL = YES;
				CLANG_ANALYZER_NUMBER_OBJECT_CONVERSION = YES_AGGRESSIVE;
				CLANG_CXX_LANGUAGE_STANDARD = "gnu++0x";
				CLANG_CXX_LIBRARY = "libc++";
				CLANG_ENABLE_MODULES = YES;
				CLANG_ENABLE_OBJC_ARC = YES;
				CLANG_WARN_BOOL_CONVERSION = YES;
				CLANG_WARN_CONSTANT_CONVERSION = YES;
				CLANG_WARN_DIRECT_OBJC_ISA_USAGE = YES_ERROR;
				CLANG_WARN_DOCUMENTATION_COMMENTS = YES;
				CLANG_WARN_EMPTY_BODY = YES;
				CLANG_WARN_ENUM_CONVERSION = YES;
				CLANG_WARN_INFINITE_RECURSION = YES;
				CLANG_WARN_INT_CONVERSION = YES;
				CLANG_WARN_OBJC_ROOT_CLASS = YES_ERROR;
				CLANG_WARN_SUSPICIOUS_MOVE = YES;
				CLANG_WARN_UNREACHABLE_CODE = YES;
				CLANG_WARN__DUPLICATE_METHOD_MATCH = YES;
				"CODE_SIGN_IDENTITY[sdk=iphoneos*]" = "iPhone Developer";
				COPY_PHASE_STRIP = NO;
				DEBUG_INFORMATION_FORMAT = "dwarf-with-dsym";
				ENABLE_NS_ASSERTIONS = NO;
				ENABLE_STRICT_OBJC_MSGSEND = YES;
				GCC_C_LANGUAGE_STANDARD = gnu99;
				GCC_NO_COMMON_BLOCKS = YES;
				GCC_WARN_64_TO_32_BIT_CONVERSION = YES;
				GCC_WARN_ABOUT_RETURN_TYPE = YES_ERROR;
				GCC_WARN_UNDECLARED_SELECTOR = YES;
				GCC_WARN_UNINITIALIZED_AUTOS = YES_AGGRESSIVE;
				GCC_WARN_UNUSED_FUNCTION = YES;
				GCC_WARN_UNUSED_VARIABLE = YES;
				IPHONEOS_DEPLOYMENT_TARGET = 10.3;
				MTL_ENABLE_DEBUG_INFO = NO;
				SDKROOT = iphoneos;
				SWIFT_OPTIMIZATION_LEVEL = "-Owholemodule";
				VALIDATE_PRODUCT = YES;
			};
			name = Release;
		};
		2748B73E1EF7A50000FD7462 /* Debug */ = {
			isa = XCBuildConfiguration;
			buildSettings = {
				ASSETCATALOG_COMPILER_APPICON_NAME = AppIcon;
				CLANG_ENABLE_MODULES = YES;
				DEVELOPMENT_TEAM = GLKJJ23FAT;
				INFOPLIST_FILE = "003-闭包的定义/Info.plist";
				LD_RUNPATH_SEARCH_PATHS = "$(inherited) @executable_path/Frameworks";
				PRODUCT_BUNDLE_IDENTIFIER = "tantan.-03------";
				PRODUCT_NAME = "$(TARGET_NAME)";
				SWIFT_OBJC_BRIDGING_HEADER = "003-闭包的定义/003-闭包的定义-Bridging-Header.h";
				SWIFT_OPTIMIZATION_LEVEL = "-Onone";
				SWIFT_VERSION = 3.0;
			};
			name = Debug;
		};
		2748B73F1EF7A50000FD7462 /* Release */ = {
			isa = XCBuildConfiguration;
			buildSettings = {
				ASSETCATALOG_COMPILER_APPICON_NAME = AppIcon;
				CLANG_ENABLE_MODULES = YES;
				DEVELOPMENT_TEAM = GLKJJ23FAT;
				INFOPLIST_FILE = "003-闭包的定义/Info.plist";
				LD_RUNPATH_SEARCH_PATHS = "$(inherited) @executable_path/Frameworks";
				PRODUCT_BUNDLE_IDENTIFIER = "tantan.-03------";
				PRODUCT_NAME = "$(TARGET_NAME)";
				SWIFT_OBJC_BRIDGING_HEADER = "003-闭包的定义/003-闭包的定义-Bridging-Header.h";
				SWIFT_VERSION = 3.0;
			};
			name = Release;
		};
/* End XCBuildConfiguration section */

/* Begin XCConfigurationList section */
		2748B7261EF7A4FF00FD7462 /* Build configuration list for PBXProject "003-闭包的定义" */ = {
			isa = XCConfigurationList;
			buildConfigurations = (
				2748B73B1EF7A50000FD7462 /* Debug */,
				2748B73C1EF7A50000FD7462 /* Release */,
			);
			defaultConfigurationIsVisible = 0;
			defaultConfigurationName = Release;
		};
		2748B73D1EF7A50000FD7462 /* Build configuration list for PBXNativeTarget "003-闭包的定义" */ = {
			isa = XCConfigurationList;
			buildConfigurations = (
				2748B73E1EF7A50000FD7462 /* Debug */,
				2748B73F1EF7A50000FD7462 /* Release */,
			);
			defaultConfigurationIsVisible = 0;
			defaultConfigurationName = Release;
		};
/* End XCConfigurationList section */
	};
	rootObject = 2748B7231EF7A4FF00FD7462 /* Project object */;
}
