// !$*UTF8*$!
{
	archiveVersion = 1;
	classes = {
	};
	objectVersion = 46;
	objects = {

/* Begin PBXBuildFile section */
		2768CF4C1E6540B50065CEB0 /* AppDelegate.swift in Sources */ = {isa = PBXBuildFile; fileRef = 2768CF4B1E6540B50065CEB0 /* AppDelegate.swift */; };
		2768CF4E1E6540B50065CEB0 /* ViewController.swift in Sources */ = {isa = PBXBuildFile; fileRef = 2768CF4D1E6540B50065CEB0 /* ViewController.swift */; };
		2768CF511E6540B50065CEB0 /* Main.storyboard in Resources */ = {isa = PBXBuildFile; fileRef = 2768CF4F1E6540B50065CEB0 /* Main.storyboard */; };
		2768CF531E6540B50065CEB0 /* Assets.xcassets in Resources */ = {isa = PBXBuildFile; fileRef = 2768CF521E6540B50065CEB0 /* Assets.xcassets */; };
		2768CF561E6540B50065CEB0 /* LaunchScreen.storyboard in Resources */ = {isa = PBXBuildFile; fileRef = 2768CF541E6540B50065CEB0 /* LaunchScreen.storyboard */; };
/* End PBXBuildFile section */

/* Begin PBXFileReference section */
		2768CF481E6540B50065CEB0 /* Swift3.0-010-数组.app */ = {isa = PBXFileReference; explicitFileType = wrapper.application; includeInIndex = 0; path = "Swift3.0-010-数组.app"; sourceTree = BUILT_PRODUCTS_DIR; };
		2768CF4B1E6540B50065CEB0 /* AppDelegate.swift */ = {isa = PBXFileReference; lastKnownFileType = sourcecode.swift; path = AppDelegate.swift; sourceTree = "<group>"; };
		2768CF4D1E6540B50065CEB0 /* ViewController.swift */ = {isa = PBXFileReference; lastKnownFileType = sourcecode.swift; path = ViewController.swift; sourceTree = "<group>"; };
		2768CF501E6540B50065CEB0 /* Base */ = {isa = PBXFileReference; lastKnownFileType = file.storyboard; name = Base; path = Base.lproj/Main.storyboard; sourceTree = "<group>"; };
		2768CF521E6540B50065CEB0 /* Assets.xcassets */ = {isa = PBXFileReference; lastKnownFileType = folder.assetcatalog; path = Assets.xcassets; sourceTree = "<group>"; };
		2768CF551E6540B50065CEB0 /* Base */ = {isa = PBXFileReference; lastKnownFileType = file.storyboard; name = Base; path = Base.lproj/LaunchScreen.storyboard; sourceTree = "<group>"; };
		2768CF571E6540B50065CEB0 /* Info.plist */ = {isa = PBXFileReference; lastKnownFileType = text.plist.xml; path = Info.plist; sourceTree = "<group>"; };
/* End PBXFileReference section */

/* Begin PBXFrameworksBuildPhase section */
		2768CF451E6540B50065CEB0 /* Frameworks */ = {
			isa = PBXFrameworksBuildPhase;
			buildActionMask = 2147483647;
			files = (
			);
			runOnlyForDeploymentPostprocessing = 0;
		};
/* End PBXFrameworksBuildPhase section */

/* Begin PBXGroup section */
		2768CF3F1E6540B50065CEB0 = {
			isa = PBXGroup;
			children = (
				2768CF4A1E6540B50065CEB0 /* Swift3.0-010-数组 */,
				2768CF491E6540B50065CEB0 /* Products */,
			);
			sourceTree = "<group>";
		};
		2768CF491E6540B50065CEB0 /* Products */ = {
			isa = PBXGroup;
			children = (
				2768CF481E6540B50065CEB0 /* Swift3.0-010-数组.app */,
			);
			name = Products;
			sourceTree = "<group>";
		};
		2768CF4A1E6540B50065CEB0 /* Swift3.0-010-数组 */ = {
			isa = PBXGroup;
			children = (
				2768CF4B1E6540B50065CEB0 /* AppDelegate.swift */,
				2768CF4D1E6540B50065CEB0 /* ViewController.swift */,
				2768CF4F1E6540B50065CEB0 /* Main.storyboard */,
				2768CF521E6540B50065CEB0 /* Assets.xcassets */,
				2768CF541E6540B50065CEB0 /* LaunchScreen.storyboard */,
				2768CF571E6540B50065CEB0 /* Info.plist */,
			);
			path = "Swift3.0-010-数组";
			sourceTree = "<group>";
		};
/* End PBXGroup section */

/* Begin PBXNativeTarget section */
		2768CF471E6540B50065CEB0 /* Swift3.0-010-数组 */ = {
			isa = PBXNativeTarget;
			buildConfigurationList = 2768CF5A1E6540B50065CEB0 /* Build configuration list for PBXNativeTarget "Swift3.0-010-数组" */;
			buildPhases = (
				2768CF441E6540B50065CEB0 /* Sources */,
				2768CF451E6540B50065CEB0 /* Frameworks */,
				2768CF461E6540B50065CEB0 /* Resources */,
			);
			buildRules = (
			);
			dependencies = (
			);
			name = "Swift3.0-010-数组";
			productName = "Swift3.0-010-数组";
			productReference = 2768CF481E6540B50065CEB0 /* Swift3.0-010-数组.app */;
			productType = "com.apple.product-type.application";
		};
/* End PBXNativeTarget section */

/* Begin PBXProject section */
		2768CF401E6540B50065CEB0 /* Project object */ = {
			isa = PBXProject;
			attributes = {
				LastSwiftUpdateCheck = 0820;
				LastUpgradeCheck = 0820;
				ORGANIZATIONNAME = tantan;
				TargetAttributes = {
					2768CF471E6540B50065CEB0 = {
						CreatedOnToolsVersion = 8.2.1;
						DevelopmentTeam = GLKJJ23FAT;
						ProvisioningStyle = Automatic;
					};
				};
			};
			buildConfigurationList = 2768CF431E6540B50065CEB0 /* Build configuration list for PBXProject "Swift3.0-010-数组" */;
			compatibilityVersion = "Xcode 3.2";
			developmentRegion = English;
			hasScannedForEncodings = 0;
			knownRegions = (
				en,
				Base,
			);
			mainGroup = 2768CF3F1E6540B50065CEB0;
			productRefGroup = 2768CF491E6540B50065CEB0 /* Products */;
			projectDirPath = "";
			projectRoot = "";
			targets = (
				2768CF471E6540B50065CEB0 /* Swift3.0-010-数组 */,
			);
		};
/* End PBXProject section */

/* Begin PBXResourcesBuildPhase section */
		2768CF461E6540B50065CEB0 /* Resources */ = {
			isa = PBXResourcesBuildPhase;
			buildActionMask = 2147483647;
			files = (
				2768CF561E6540B50065CEB0 /* LaunchScreen.storyboard in Resources */,
				2768CF531E6540B50065CEB0 /* Assets.xcassets in Resources */,
				2768CF511E6540B50065CEB0 /* Main.storyboard in Resources */,
			);
			runOnlyForDeploymentPostprocessing = 0;
		};
/* End PBXResourcesBuildPhase section */

/* Begin PBXSourcesBuildPhase section */
		2768CF441E6540B50065CEB0 /* Sources */ = {
			isa = PBXSourcesBuildPhase;
			buildActionMask = 2147483647;
			files = (
				2768CF4E1E6540B50065CEB0 /* ViewController.swift in Sources */,
				2768CF4C1E6540B50065CEB0 /* AppDelegate.swift in Sources */,
			);
			runOnlyForDeploymentPostprocessing = 0;
		};
/* End PBXSourcesBuildPhase section */

/* Begin PBXVariantGroup section */
		2768CF4F1E6540B50065CEB0 /* Main.storyboard */ = {
			isa = PBXVariantGroup;
			children = (
				2768CF501E6540B50065CEB0 /* Base */,
			);
			name = Main.storyboard;
			sourceTree = "<group>";
		};
		2768CF541E6540B50065CEB0 /* LaunchScreen.storyboard */ = {
			isa = PBXVariantGroup;
			children = (
				2768CF551E6540B50065CEB0 /* Base */,
			);
			name = LaunchScreen.storyboard;
			sourceTree = "<group>";
		};
/* End PBXVariantGroup section */

/* Begin XCBuildConfiguration section */
		2768CF581E6540B50065CEB0 /* Debug */ = {
			isa = XCBuildConfiguration;
			buildSettings = {
				ALWAYS_SEARCH_USER_PATHS = NO;
				CLANG_ANALYZER_NONNULL = YES;
				CLANG_CXX_LANGUAGE_STANDARD = "gnu++0x";
				CLANG_CXX_LIBRARY = "libc++";
				CLANG_ENABLE_MODULES = YES;
				CLANG_ENABLE_OBJC_ARC = YES;
				CLANG_WARN_BOOL_CONVERSION = YES;
				CLANG_WARN_CONSTANT_CONVERSION = YES;
				CLANG_WARN_DIRECT_OBJC_ISA_USAGE = YES_ERROR;
				CLANG_WARN_DOCUMENTATION_COMMENTS = YES;
				CLANG_WARN_EMPTY_BODY = YES;
				CLANG_WARN_ENUM_CONVERSION = YES;
				CLANG_WARN_INFINITE_RECURSION = YES;
				CLANG_WARN_INT_CONVERSION = YES;
				CLANG_WARN_OBJC_ROOT_CLASS = YES_ERROR;
				CLANG_WARN_SUSPICIOUS_MOVE = YES;
				CLANG_WARN_UNREACHABLE_CODE = YES;
				CLANG_WARN__DUPLICATE_METHOD_MATCH = YES;
				"CODE_SIGN_IDENTITY[sdk=iphoneos*]" = "iPhone Developer";
				COPY_PHASE_STRIP = NO;
				DEBUG_INFORMATION_FORMAT = dwarf;
				ENABLE_STRICT_OBJC_MSGSEND = YES;
				ENABLE_TESTABILITY = YES;
				GCC_C_LANGUAGE_STANDARD = gnu99;
				GCC_DYNAMIC_NO_PIC = NO;
				GCC_NO_COMMON_BLOCKS = YES;
				GCC_OPTIMIZATION_LEVEL = 0;
				GCC_PREPROCESSOR_DEFINITIONS = (
					"DEBUG=1",
					"$(inherited)",
				);
				GCC_WARN_64_TO_32_BIT_CONVERSION = YES;
				GCC_WARN_ABOUT_RETURN_TYPE = YES_ERROR;
				GCC_WARN_UNDECLARED_SELECTOR = YES;
				GCC_WARN_UNINITIALIZED_AUTOS = YES_AGGRESSIVE;
				GCC_WARN_UNUSED_FUNCTION = YES;
				GCC_WARN_UNUSED_VARIABLE = YES;
				IPHONEOS_DEPLOYMENT_TARGET = 10.2;
				MTL_ENABLE_DEBUG_INFO = YES;
				ONLY_ACTIVE_ARCH = YES;
				SDKROOT = iphoneos;
				SWIFT_ACTIVE_COMPILATION_CONDITIONS = DEBUG;
				SWIFT_OPTIMIZATION_LEVEL = "-Onone";
			};
			name = Debug;
		};
		2768CF591E6540B50065CEB0 /* Release */ = {
			isa = XCBuildConfiguration;
			buildSettings = {
				ALWAYS_SEARCH_USER_PATHS = NO;
				CLANG_ANALYZER_NONNULL = YES;
				CLANG_CXX_LANGUAGE_STANDARD = "gnu++0x";
				CLANG_CXX_LIBRARY = "libc++";
				CLANG_ENABLE_MODULES = YES;
				CLANG_ENABLE_OBJC_ARC = YES;
				CLANG_WARN_BOOL_CONVERSION = YES;
				CLANG_WARN_CONSTANT_CONVERSION = YES;
				CLANG_WARN_DIRECT_OBJC_ISA_USAGE = YES_ERROR;
				CLANG_WARN_DOCUMENTATION_COMMENTS = YES;
				CLANG_WARN_EMPTY_BODY = YES;
				CLANG_WARN_ENUM_CONVERSION = YES;
				CLANG_WARN_INFINITE_RECURSION = YES;
				CLANG_WARN_INT_CONVERSION = YES;
				CLANG_WARN_OBJC_ROOT_CLASS = YES_ERROR;
				CLANG_WARN_SUSPICIOUS_MOVE = YES;
				CLANG_WARN_UNREACHABLE_CODE = YES;
				CLANG_WARN__DUPLICATE_METHOD_MATCH = YES;
				"CODE_SIGN_IDENTITY[sdk=iphoneos*]" = "iPhone Developer";
				COPY_PHASE_STRIP = NO;
				DEBUG_INFORMATION_FORMAT = "dwarf-with-dsym";
				ENABLE_NS_ASSERTIONS = NO;
				ENABLE_STRICT_OBJC_MSGSEND = YES;
				GCC_C_LANGUAGE_STANDARD = gnu99;
				GCC_NO_COMMON_BLOCKS = YES;
				GCC_WARN_64_TO_32_BIT_CONVERSION = YES;
				GCC_WARN_ABOUT_RETURN_TYPE = YES_ERROR;
				GCC_WARN_UNDECLARED_SELECTOR = YES;
				GCC_WARN_UNINITIALIZED_AUTOS = YES_AGGRESSIVE;
				GCC_WARN_UNUSED_FUNCTION = YES;
				GCC_WARN_UNUSED_VARIABLE = YES;
				IPHONEOS_DEPLOYMENT_TARGET = 10.2;
				MTL_ENABLE_DEBUG_INFO = NO;
				SDKROOT = iphoneos;
				SWIFT_OPTIMIZATION_LEVEL = "-Owholemodule";
				VALIDATE_PRODUCT = YES;
			};
			name = Release;
		};
		2768CF5B1E6540B50065CEB0 /* Debug */ = {
			isa = XCBuildConfiguration;
			buildSettings = {
				ASSETCATALOG_COMPILER_APPICON_NAME = AppIcon;
				DEVELOPMENT_TEAM = GLKJJ23FAT;
				INFOPLIST_FILE = "Swift3.0-010-数组/Info.plist";
				LD_RUNPATH_SEARCH_PATHS = "$(inherited) @executable_path/Frameworks";
				PRODUCT_BUNDLE_IDENTIFIER = "tantan.Swift3-0-010---";
				PRODUCT_NAME = "$(TARGET_NAME)";
				SWIFT_VERSION = 3.0;
			};
			name = Debug;
		};
		2768CF5C1E6540B50065CEB0 /* Release */ = {
			isa = XCBuildConfiguration;
			buildSettings = {
				ASSETCATALOG_COMPILER_APPICON_NAME = AppIcon;
				DEVELOPMENT_TEAM = GLKJJ23FAT;
				INFOPLIST_FILE = "Swift3.0-010-数组/Info.plist";
				LD_RUNPATH_SEARCH_PATHS = "$(inherited) @executable_path/Frameworks";
				PRODUCT_BUNDLE_IDENTIFIER = "tantan.Swift3-0-010---";
				PRODUCT_NAME = "$(TARGET_NAME)";
				SWIFT_VERSION = 3.0;
			};
			name = Release;
		};
/* End XCBuildConfiguration section */

/* Begin XCConfigurationList section */
		2768CF431E6540B50065CEB0 /* Build configuration list for PBXProject "Swift3.0-010-数组" */ = {
			isa = XCConfigurationList;
			buildConfigurations = (
				2768CF581E6540B50065CEB0 /* Debug */,
				2768CF591E6540B50065CEB0 /* Release */,
			);
			defaultConfigurationIsVisible = 0;
			defaultConfigurationName = Release;
		};
		2768CF5A1E6540B50065CEB0 /* Build configuration list for PBXNativeTarget "Swift3.0-010-数组" */ = {
			isa = XCConfigurationList;
			buildConfigurations = (
				2768CF5B1E6540B50065CEB0 /* Debug */,
				2768CF5C1E6540B50065CEB0 /* Release */,
			);
			defaultConfigurationIsVisible = 0;
		};
/* End XCConfigurationList section */
	};
	rootObject = 2768CF401E6540B50065CEB0 /* Project object */;
}
