// !$*UTF8*$!
{
	archiveVersion = 1;
	classes = {
	};
	objectVersion = 46;
	objects = {

/* Begin PBXBuildFile section */
		275E67481E9F5B46004FCA66 /* AppDelegate.swift in Sources */ = {isa = PBXBuildFile; fileRef = 275E67471E9F5B46004FCA66 /* AppDelegate.swift */; };
		275E674A1E9F5B46004FCA66 /* ViewController.swift in Sources */ = {isa = PBXBuildFile; fileRef = 275E67491E9F5B46004FCA66 /* ViewController.swift */; };
		275E674D1E9F5B46004FCA66 /* Main.storyboard in Resources */ = {isa = PBXBuildFile; fileRef = 275E674B1E9F5B46004FCA66 /* Main.storyboard */; };
		275E674F1E9F5B46004FCA66 /* Assets.xcassets in Resources */ = {isa = PBXBuildFile; fileRef = 275E674E1E9F5B46004FCA66 /* Assets.xcassets */; };
		275E67521E9F5B46004FCA66 /* LaunchScreen.storyboard in Resources */ = {isa = PBXBuildFile; fileRef = 275E67501E9F5B46004FCA66 /* LaunchScreen.storyboard */; };
/* End PBXBuildFile section */

/* Begin PBXFileReference section */
		275E67441E9F5B46004FCA66 /* Swift3.0-012-TableView的实战演练.app */ = {isa = PBXFileReference; explicitFileType = wrapper.application; includeInIndex = 0; path = "Swift3.0-012-TableView的实战演练.app"; sourceTree = BUILT_PRODUCTS_DIR; };
		275E67471E9F5B46004FCA66 /* AppDelegate.swift */ = {isa = PBXFileReference; lastKnownFileType = sourcecode.swift; path = AppDelegate.swift; sourceTree = "<group>"; };
		275E67491E9F5B46004FCA66 /* ViewController.swift */ = {isa = PBXFileReference; lastKnownFileType = sourcecode.swift; path = ViewController.swift; sourceTree = "<group>"; };
		275E674C1E9F5B46004FCA66 /* Base */ = {isa = PBXFileReference; lastKnownFileType = file.storyboard; name = Base; path = Base.lproj/Main.storyboard; sourceTree = "<group>"; };
		275E674E1E9F5B46004FCA66 /* Assets.xcassets */ = {isa = PBXFileReference; lastKnownFileType = folder.assetcatalog; path = Assets.xcassets; sourceTree = "<group>"; };
		275E67511E9F5B46004FCA66 /* Base */ = {isa = PBXFileReference; lastKnownFileType = file.storyboard; name = Base; path = Base.lproj/LaunchScreen.storyboard; sourceTree = "<group>"; };
		275E67531E9F5B46004FCA66 /* Info.plist */ = {isa = PBXFileReference; lastKnownFileType = text.plist.xml; path = Info.plist; sourceTree = "<group>"; };
/* End PBXFileReference section */

/* Begin PBXFrameworksBuildPhase section */
		275E67411E9F5B46004FCA66 /* Frameworks */ = {
			isa = PBXFrameworksBuildPhase;
			buildActionMask = 2147483647;
			files = (
			);
			runOnlyForDeploymentPostprocessing = 0;
		};
/* End PBXFrameworksBuildPhase section */

/* Begin PBXGroup section */
		275E673B1E9F5B46004FCA66 = {
			isa = PBXGroup;
			children = (
				275E67461E9F5B46004FCA66 /* Swift3.0-012-TableView的实战演练 */,
				275E67451E9F5B46004FCA66 /* Products */,
			);
			sourceTree = "<group>";
		};
		275E67451E9F5B46004FCA66 /* Products */ = {
			isa = PBXGroup;
			children = (
				275E67441E9F5B46004FCA66 /* Swift3.0-012-TableView的实战演练.app */,
			);
			name = Products;
			sourceTree = "<group>";
		};
		275E67461E9F5B46004FCA66 /* Swift3.0-012-TableView的实战演练 */ = {
			isa = PBXGroup;
			children = (
				275E67471E9F5B46004FCA66 /* AppDelegate.swift */,
				275E67491E9F5B46004FCA66 /* ViewController.swift */,
				275E674B1E9F5B46004FCA66 /* Main.storyboard */,
				275E674E1E9F5B46004FCA66 /* Assets.xcassets */,
				275E67501E9F5B46004FCA66 /* LaunchScreen.storyboard */,
				275E67531E9F5B46004FCA66 /* Info.plist */,
			);
			path = "Swift3.0-012-TableView的实战演练";
			sourceTree = "<group>";
		};
/* End PBXGroup section */

/* Begin PBXNativeTarget section */
		275E67431E9F5B46004FCA66 /* Swift3.0-012-TableView的实战演练 */ = {
			isa = PBXNativeTarget;
			buildConfigurationList = 275E67561E9F5B46004FCA66 /* Build configuration list for PBXNativeTarget "Swift3.0-012-TableView的实战演练" */;
			buildPhases = (
				275E67401E9F5B46004FCA66 /* Sources */,
				275E67411E9F5B46004FCA66 /* Frameworks */,
				275E67421E9F5B46004FCA66 /* Resources */,
			);
			buildRules = (
			);
			dependencies = (
			);
			name = "Swift3.0-012-TableView的实战演练";
			productName = "Swift3.0-012-TableView的实战演练";
			productReference = 275E67441E9F5B46004FCA66 /* Swift3.0-012-TableView的实战演练.app */;
			productType = "com.apple.product-type.application";
		};
/* End PBXNativeTarget section */

/* Begin PBXProject section */
		275E673C1E9F5B46004FCA66 /* Project object */ = {
			isa = PBXProject;
			attributes = {
				LastSwiftUpdateCheck = 0820;
				LastUpgradeCheck = 0820;
				ORGANIZATIONNAME = tantan;
				TargetAttributes = {
					275E67431E9F5B46004FCA66 = {
						CreatedOnToolsVersion = 8.2.1;
						DevelopmentTeam = GLKJJ23FAT;
						ProvisioningStyle = Automatic;
					};
				};
			};
			buildConfigurationList = 275E673F1E9F5B46004FCA66 /* Build configuration list for PBXProject "Swift3.0-012-TableView的实战演练" */;
			compatibilityVersion = "Xcode 3.2";
			developmentRegion = English;
			hasScannedForEncodings = 0;
			knownRegions = (
				en,
				Base,
			);
			mainGroup = 275E673B1E9F5B46004FCA66;
			productRefGroup = 275E67451E9F5B46004FCA66 /* Products */;
			projectDirPath = "";
			projectRoot = "";
			targets = (
				275E67431E9F5B46004FCA66 /* Swift3.0-012-TableView的实战演练 */,
			);
		};
/* End PBXProject section */

/* Begin PBXResourcesBuildPhase section */
		275E67421E9F5B46004FCA66 /* Resources */ = {
			isa = PBXResourcesBuildPhase;
			buildActionMask = 2147483647;
			files = (
				275E67521E9F5B46004FCA66 /* LaunchScreen.storyboard in Resources */,
				275E674F1E9F5B46004FCA66 /* Assets.xcassets in Resources */,
				275E674D1E9F5B46004FCA66 /* Main.storyboard in Resources */,
			);
			runOnlyForDeploymentPostprocessing = 0;
		};
/* End PBXResourcesBuildPhase section */

/* Begin PBXSourcesBuildPhase section */
		275E67401E9F5B46004FCA66 /* Sources */ = {
			isa = PBXSourcesBuildPhase;
			buildActionMask = 2147483647;
			files = (
				275E674A1E9F5B46004FCA66 /* ViewController.swift in Sources */,
				275E67481E9F5B46004FCA66 /* AppDelegate.swift in Sources */,
			);
			runOnlyForDeploymentPostprocessing = 0;
		};
/* End PBXSourcesBuildPhase section */

/* Begin PBXVariantGroup section */
		275E674B1E9F5B46004FCA66 /* Main.storyboard */ = {
			isa = PBXVariantGroup;
			children = (
				275E674C1E9F5B46004FCA66 /* Base */,
			);
			name = Main.storyboard;
			sourceTree = "<group>";
		};
		275E67501E9F5B46004FCA66 /* LaunchScreen.storyboard */ = {
			isa = PBXVariantGroup;
			children = (
				275E67511E9F5B46004FCA66 /* Base */,
			);
			name = LaunchScreen.storyboard;
			sourceTree = "<group>";
		};
/* End PBXVariantGroup section */

/* Begin XCBuildConfiguration section */
		275E67541E9F5B46004FCA66 /* Debug */ = {
			isa = XCBuildConfiguration;
			buildSettings = {
				ALWAYS_SEARCH_USER_PATHS = NO;
				CLANG_ANALYZER_NONNULL = YES;
				CLANG_CXX_LANGUAGE_STANDARD = "gnu++0x";
				CLANG_CXX_LIBRARY = "libc++";
				CLANG_ENABLE_MODULES = YES;
				CLANG_ENABLE_OBJC_ARC = YES;
				CLANG_WARN_BOOL_CONVERSION = YES;
				CLANG_WARN_CONSTANT_CONVERSION = YES;
				CLANG_WARN_DIRECT_OBJC_ISA_USAGE = YES_ERROR;
				CLANG_WARN_DOCUMENTATION_COMMENTS = YES;
				CLANG_WARN_EMPTY_BODY = YES;
				CLANG_WARN_ENUM_CONVERSION = YES;
				CLANG_WARN_INFINITE_RECURSION = YES;
				CLANG_WARN_INT_CONVERSION = YES;
				CLANG_WARN_OBJC_ROOT_CLASS = YES_ERROR;
				CLANG_WARN_SUSPICIOUS_MOVE = YES;
				CLANG_WARN_UNREACHABLE_CODE = YES;
				CLANG_WARN__DUPLICATE_METHOD_MATCH = YES;
				"CODE_SIGN_IDENTITY[sdk=iphoneos*]" = "iPhone Developer";
				COPY_PHASE_STRIP = NO;
				DEBUG_INFORMATION_FORMAT = dwarf;
				ENABLE_STRICT_OBJC_MSGSEND = YES;
				ENABLE_TESTABILITY = YES;
				GCC_C_LANGUAGE_STANDARD = gnu99;
				GCC_DYNAMIC_NO_PIC = NO;
				GCC_NO_COMMON_BLOCKS = YES;
				GCC_OPTIMIZATION_LEVEL = 0;
				GCC_PREPROCESSOR_DEFINITIONS = (
					"DEBUG=1",
					"$(inherited)",
				);
				GCC_WARN_64_TO_32_BIT_CONVERSION = YES;
				GCC_WARN_ABOUT_RETURN_TYPE = YES_ERROR;
				GCC_WARN_UNDECLARED_SELECTOR = YES;
				GCC_WARN_UNINITIALIZED_AUTOS = YES_AGGRESSIVE;
				GCC_WARN_UNUSED_FUNCTION = YES;
				GCC_WARN_UNUSED_VARIABLE = YES;
				IPHONEOS_DEPLOYMENT_TARGET = 10.2;
				MTL_ENABLE_DEBUG_INFO = YES;
				ONLY_ACTIVE_ARCH = YES;
				SDKROOT = iphoneos;
				SWIFT_ACTIVE_COMPILATION_CONDITIONS = DEBUG;
				SWIFT_OPTIMIZATION_LEVEL = "-Onone";
			};
			name = Debug;
		};
		275E67551E9F5B46004FCA66 /* Release */ = {
			isa = XCBuildConfiguration;
			buildSettings = {
				ALWAYS_SEARCH_USER_PATHS = NO;
				CLANG_ANALYZER_NONNULL = YES;
				CLANG_CXX_LANGUAGE_STANDARD = "gnu++0x";
				CLANG_CXX_LIBRARY = "libc++";
				CLANG_ENABLE_MODULES = YES;
				CLANG_ENABLE_OBJC_ARC = YES;
				CLANG_WARN_BOOL_CONVERSION = YES;
				CLANG_WARN_CONSTANT_CONVERSION = YES;
				CLANG_WARN_DIRECT_OBJC_ISA_USAGE = YES_ERROR;
				CLANG_WARN_DOCUMENTATION_COMMENTS = YES;
				CLANG_WARN_EMPTY_BODY = YES;
				CLANG_WARN_ENUM_CONVERSION = YES;
				CLANG_WARN_INFINITE_RECURSION = YES;
				CLANG_WARN_INT_CONVERSION = YES;
				CLANG_WARN_OBJC_ROOT_CLASS = YES_ERROR;
				CLANG_WARN_SUSPICIOUS_MOVE = YES;
				CLANG_WARN_UNREACHABLE_CODE = YES;
				CLANG_WARN__DUPLICATE_METHOD_MATCH = YES;
				"CODE_SIGN_IDENTITY[sdk=iphoneos*]" = "iPhone Developer";
				COPY_PHASE_STRIP = NO;
				DEBUG_INFORMATION_FORMAT = "dwarf-with-dsym";
				ENABLE_NS_ASSERTIONS = NO;
				ENABLE_STRICT_OBJC_MSGSEND = YES;
				GCC_C_LANGUAGE_STANDARD = gnu99;
				GCC_NO_COMMON_BLOCKS = YES;
				GCC_WARN_64_TO_32_BIT_CONVERSION = YES;
				GCC_WARN_ABOUT_RETURN_TYPE = YES_ERROR;
				GCC_WARN_UNDECLARED_SELECTOR = YES;
				GCC_WARN_UNINITIALIZED_AUTOS = YES_AGGRESSIVE;
				GCC_WARN_UNUSED_FUNCTION = YES;
				GCC_WARN_UNUSED_VARIABLE = YES;
				IPHONEOS_DEPLOYMENT_TARGET = 10.2;
				MTL_ENABLE_DEBUG_INFO = NO;
				SDKROOT = iphoneos;
				SWIFT_OPTIMIZATION_LEVEL = "-Owholemodule";
				VALIDATE_PRODUCT = YES;
			};
			name = Release;
		};
		275E67571E9F5B46004FCA66 /* Debug */ = {
			isa = XCBuildConfiguration;
			buildSettings = {
				ASSETCATALOG_COMPILER_APPICON_NAME = AppIcon;
				DEVELOPMENT_TEAM = GLKJJ23FAT;
				INFOPLIST_FILE = "Swift3.0-012-TableView的实战演练/Info.plist";
				LD_RUNPATH_SEARCH_PATHS = "$(inherited) @executable_path/Frameworks";
				PRODUCT_BUNDLE_IDENTIFIER = "tantan.Swift3-0-012-TableView-----";
				PRODUCT_NAME = "$(TARGET_NAME)";
				SWIFT_VERSION = 3.0;
			};
			name = Debug;
		};
		275E67581E9F5B46004FCA66 /* Release */ = {
			isa = XCBuildConfiguration;
			buildSettings = {
				ASSETCATALOG_COMPILER_APPICON_NAME = AppIcon;
				DEVELOPMENT_TEAM = GLKJJ23FAT;
				INFOPLIST_FILE = "Swift3.0-012-TableView的实战演练/Info.plist";
				LD_RUNPATH_SEARCH_PATHS = "$(inherited) @executable_path/Frameworks";
				PRODUCT_BUNDLE_IDENTIFIER = "tantan.Swift3-0-012-TableView-----";
				PRODUCT_NAME = "$(TARGET_NAME)";
				SWIFT_VERSION = 3.0;
			};
			name = Release;
		};
/* End XCBuildConfiguration section */

/* Begin XCConfigurationList section */
		275E673F1E9F5B46004FCA66 /* Build configuration list for PBXProject "Swift3.0-012-TableView的实战演练" */ = {
			isa = XCConfigurationList;
			buildConfigurations = (
				275E67541E9F5B46004FCA66 /* Debug */,
				275E67551E9F5B46004FCA66 /* Release */,
			);
			defaultConfigurationIsVisible = 0;
			defaultConfigurationName = Release;
		};
		275E67561E9F5B46004FCA66 /* Build configuration list for PBXNativeTarget "Swift3.0-012-TableView的实战演练" */ = {
			isa = XCConfigurationList;
			buildConfigurations = (
				275E67571E9F5B46004FCA66 /* Debug */,
				275E67581E9F5B46004FCA66 /* Release */,
			);
			defaultConfigurationIsVisible = 0;
		};
/* End XCConfigurationList section */
	};
	rootObject = 275E673C1E9F5B46004FCA66 /* Project object */;
}
