// !$*UTF8*$!
{
	archiveVersion = 1;
	classes = {
	};
	objectVersion = 46;
	objects = {

/* Begin PBXBuildFile section */
		2764291C1E63EF7B002239BF /* AppDelegate.swift in Sources */ = {isa = PBXBuildFile; fileRef = 2764291B1E63EF7B002239BF /* AppDelegate.swift */; };
		2764291E1E63EF7B002239BF /* ViewController.swift in Sources */ = {isa = PBXBuildFile; fileRef = 2764291D1E63EF7B002239BF /* ViewController.swift */; };
		276429211E63EF7B002239BF /* Main.storyboard in Resources */ = {isa = PBXBuildFile; fileRef = 2764291F1E63EF7B002239BF /* Main.storyboard */; };
		276429231E63EF7B002239BF /* Assets.xcassets in Resources */ = {isa = PBXBuildFile; fileRef = 276429221E63EF7B002239BF /* Assets.xcassets */; };
		276429261E63EF7B002239BF /* LaunchScreen.storyboard in Resources */ = {isa = PBXBuildFile; fileRef = 276429241E63EF7B002239BF /* LaunchScreen.storyboard */; };
/* End PBXBuildFile section */

/* Begin PBXFileReference section */
		276429181E63EF7B002239BF /* Swift3.0-009-字符串.app */ = {isa = PBXFileReference; explicitFileType = wrapper.application; includeInIndex = 0; path = "Swift3.0-009-字符串.app"; sourceTree = BUILT_PRODUCTS_DIR; };
		2764291B1E63EF7B002239BF /* AppDelegate.swift */ = {isa = PBXFileReference; lastKnownFileType = sourcecode.swift; path = AppDelegate.swift; sourceTree = "<group>"; };
		2764291D1E63EF7B002239BF /* ViewController.swift */ = {isa = PBXFileReference; lastKnownFileType = sourcecode.swift; path = ViewController.swift; sourceTree = "<group>"; };
		276429201E63EF7B002239BF /* Base */ = {isa = PBXFileReference; lastKnownFileType = file.storyboard; name = Base; path = Base.lproj/Main.storyboard; sourceTree = "<group>"; };
		276429221E63EF7B002239BF /* Assets.xcassets */ = {isa = PBXFileReference; lastKnownFileType = folder.assetcatalog; path = Assets.xcassets; sourceTree = "<group>"; };
		276429251E63EF7B002239BF /* Base */ = {isa = PBXFileReference; lastKnownFileType = file.storyboard; name = Base; path = Base.lproj/LaunchScreen.storyboard; sourceTree = "<group>"; };
		276429271E63EF7B002239BF /* Info.plist */ = {isa = PBXFileReference; lastKnownFileType = text.plist.xml; path = Info.plist; sourceTree = "<group>"; };
/* End PBXFileReference section */

/* Begin PBXFrameworksBuildPhase section */
		276429151E63EF7B002239BF /* Frameworks */ = {
			isa = PBXFrameworksBuildPhase;
			buildActionMask = 2147483647;
			files = (
			);
			runOnlyForDeploymentPostprocessing = 0;
		};
/* End PBXFrameworksBuildPhase section */

/* Begin PBXGroup section */
		2764290F1E63EF7B002239BF = {
			isa = PBXGroup;
			children = (
				2764291A1E63EF7B002239BF /* Swift3.0-009-字符串 */,
				276429191E63EF7B002239BF /* Products */,
			);
			sourceTree = "<group>";
		};
		276429191E63EF7B002239BF /* Products */ = {
			isa = PBXGroup;
			children = (
				276429181E63EF7B002239BF /* Swift3.0-009-字符串.app */,
			);
			name = Products;
			sourceTree = "<group>";
		};
		2764291A1E63EF7B002239BF /* Swift3.0-009-字符串 */ = {
			isa = PBXGroup;
			children = (
				2764291B1E63EF7B002239BF /* AppDelegate.swift */,
				2764291D1E63EF7B002239BF /* ViewController.swift */,
				2764291F1E63EF7B002239BF /* Main.storyboard */,
				276429221E63EF7B002239BF /* Assets.xcassets */,
				276429241E63EF7B002239BF /* LaunchScreen.storyboard */,
				276429271E63EF7B002239BF /* Info.plist */,
			);
			path = "Swift3.0-009-字符串";
			sourceTree = "<group>";
		};
/* End PBXGroup section */

/* Begin PBXNativeTarget section */
		276429171E63EF7B002239BF /* Swift3.0-009-字符串 */ = {
			isa = PBXNativeTarget;
			buildConfigurationList = 2764292A1E63EF7B002239BF /* Build configuration list for PBXNativeTarget "Swift3.0-009-字符串" */;
			buildPhases = (
				276429141E63EF7B002239BF /* Sources */,
				276429151E63EF7B002239BF /* Frameworks */,
				276429161E63EF7B002239BF /* Resources */,
			);
			buildRules = (
			);
			dependencies = (
			);
			name = "Swift3.0-009-字符串";
			productName = "Swift3.0-009-字符串";
			productReference = 276429181E63EF7B002239BF /* Swift3.0-009-字符串.app */;
			productType = "com.apple.product-type.application";
		};
/* End PBXNativeTarget section */

/* Begin PBXProject section */
		276429101E63EF7B002239BF /* Project object */ = {
			isa = PBXProject;
			attributes = {
				LastSwiftUpdateCheck = 0820;
				LastUpgradeCheck = 0820;
				ORGANIZATIONNAME = tantan;
				TargetAttributes = {
					276429171E63EF7B002239BF = {
						CreatedOnToolsVersion = 8.2.1;
						DevelopmentTeam = GLKJJ23FAT;
						ProvisioningStyle = Automatic;
					};
				};
			};
			buildConfigurationList = 276429131E63EF7B002239BF /* Build configuration list for PBXProject "Swift3.0-009-字符串" */;
			compatibilityVersion = "Xcode 3.2";
			developmentRegion = English;
			hasScannedForEncodings = 0;
			knownRegions = (
				en,
				Base,
			);
			mainGroup = 2764290F1E63EF7B002239BF;
			productRefGroup = 276429191E63EF7B002239BF /* Products */;
			projectDirPath = "";
			projectRoot = "";
			targets = (
				276429171E63EF7B002239BF /* Swift3.0-009-字符串 */,
			);
		};
/* End PBXProject section */

/* Begin PBXResourcesBuildPhase section */
		276429161E63EF7B002239BF /* Resources */ = {
			isa = PBXResourcesBuildPhase;
			buildActionMask = 2147483647;
			files = (
				276429261E63EF7B002239BF /* LaunchScreen.storyboard in Resources */,
				276429231E63EF7B002239BF /* Assets.xcassets in Resources */,
				276429211E63EF7B002239BF /* Main.storyboard in Resources */,
			);
			runOnlyForDeploymentPostprocessing = 0;
		};
/* End PBXResourcesBuildPhase section */

/* Begin PBXSourcesBuildPhase section */
		276429141E63EF7B002239BF /* Sources */ = {
			isa = PBXSourcesBuildPhase;
			buildActionMask = 2147483647;
			files = (
				2764291E1E63EF7B002239BF /* ViewController.swift in Sources */,
				2764291C1E63EF7B002239BF /* AppDelegate.swift in Sources */,
			);
			runOnlyForDeploymentPostprocessing = 0;
		};
/* End PBXSourcesBuildPhase section */

/* Begin PBXVariantGroup section */
		2764291F1E63EF7B002239BF /* Main.storyboard */ = {
			isa = PBXVariantGroup;
			children = (
				276429201E63EF7B002239BF /* Base */,
			);
			name = Main.storyboard;
			sourceTree = "<group>";
		};
		276429241E63EF7B002239BF /* LaunchScreen.storyboard */ = {
			isa = PBXVariantGroup;
			children = (
				276429251E63EF7B002239BF /* Base */,
			);
			name = LaunchScreen.storyboard;
			sourceTree = "<group>";
		};
/* End PBXVariantGroup section */

/* Begin XCBuildConfiguration section */
		276429281E63EF7B002239BF /* Debug */ = {
			isa = XCBuildConfiguration;
			buildSettings = {
				ALWAYS_SEARCH_USER_PATHS = NO;
				CLANG_ANALYZER_NONNULL = YES;
				CLANG_CXX_LANGUAGE_STANDARD = "gnu++0x";
				CLANG_CXX_LIBRARY = "libc++";
				CLANG_ENABLE_MODULES = YES;
				CLANG_ENABLE_OBJC_ARC = YES;
				CLANG_WARN_BOOL_CONVERSION = YES;
				CLANG_WARN_CONSTANT_CONVERSION = YES;
				CLANG_WARN_DIRECT_OBJC_ISA_USAGE = YES_ERROR;
				CLANG_WARN_DOCUMENTATION_COMMENTS = YES;
				CLANG_WARN_EMPTY_BODY = YES;
				CLANG_WARN_ENUM_CONVERSION = YES;
				CLANG_WARN_INFINITE_RECURSION = YES;
				CLANG_WARN_INT_CONVERSION = YES;
				CLANG_WARN_OBJC_ROOT_CLASS = YES_ERROR;
				CLANG_WARN_SUSPICIOUS_MOVE = YES;
				CLANG_WARN_UNREACHABLE_CODE = YES;
				CLANG_WARN__DUPLICATE_METHOD_MATCH = YES;
				"CODE_SIGN_IDENTITY[sdk=iphoneos*]" = "iPhone Developer";
				COPY_PHASE_STRIP = NO;
				DEBUG_INFORMATION_FORMAT = dwarf;
				ENABLE_STRICT_OBJC_MSGSEND = YES;
				ENABLE_TESTABILITY = YES;
				GCC_C_LANGUAGE_STANDARD = gnu99;
				GCC_DYNAMIC_NO_PIC = NO;
				GCC_NO_COMMON_BLOCKS = YES;
				GCC_OPTIMIZATION_LEVEL = 0;
				GCC_PREPROCESSOR_DEFINITIONS = (
					"DEBUG=1",
					"$(inherited)",
				);
				GCC_WARN_64_TO_32_BIT_CONVERSION = YES;
				GCC_WARN_ABOUT_RETURN_TYPE = YES_ERROR;
				GCC_WARN_UNDECLARED_SELECTOR = YES;
				GCC_WARN_UNINITIALIZED_AUTOS = YES_AGGRESSIVE;
				GCC_WARN_UNUSED_FUNCTION = YES;
				GCC_WARN_UNUSED_VARIABLE = YES;
				IPHONEOS_DEPLOYMENT_TARGET = 10.2;
				MTL_ENABLE_DEBUG_INFO = YES;
				ONLY_ACTIVE_ARCH = YES;
				SDKROOT = iphoneos;
				SWIFT_ACTIVE_COMPILATION_CONDITIONS = DEBUG;
				SWIFT_OPTIMIZATION_LEVEL = "-Onone";
			};
			name = Debug;
		};
		276429291E63EF7B002239BF /* Release */ = {
			isa = XCBuildConfiguration;
			buildSettings = {
				ALWAYS_SEARCH_USER_PATHS = NO;
				CLANG_ANALYZER_NONNULL = YES;
				CLANG_CXX_LANGUAGE_STANDARD = "gnu++0x";
				CLANG_CXX_LIBRARY = "libc++";
				CLANG_ENABLE_MODULES = YES;
				CLANG_ENABLE_OBJC_ARC = YES;
				CLANG_WARN_BOOL_CONVERSION = YES;
				CLANG_WARN_CONSTANT_CONVERSION = YES;
				CLANG_WARN_DIRECT_OBJC_ISA_USAGE = YES_ERROR;
				CLANG_WARN_DOCUMENTATION_COMMENTS = YES;
				CLANG_WARN_EMPTY_BODY = YES;
				CLANG_WARN_ENUM_CONVERSION = YES;
				CLANG_WARN_INFINITE_RECURSION = YES;
				CLANG_WARN_INT_CONVERSION = YES;
				CLANG_WARN_OBJC_ROOT_CLASS = YES_ERROR;
				CLANG_WARN_SUSPICIOUS_MOVE = YES;
				CLANG_WARN_UNREACHABLE_CODE = YES;
				CLANG_WARN__DUPLICATE_METHOD_MATCH = YES;
				"CODE_SIGN_IDENTITY[sdk=iphoneos*]" = "iPhone Developer";
				COPY_PHASE_STRIP = NO;
				DEBUG_INFORMATION_FORMAT = "dwarf-with-dsym";
				ENABLE_NS_ASSERTIONS = NO;
				ENABLE_STRICT_OBJC_MSGSEND = YES;
				GCC_C_LANGUAGE_STANDARD = gnu99;
				GCC_NO_COMMON_BLOCKS = YES;
				GCC_WARN_64_TO_32_BIT_CONVERSION = YES;
				GCC_WARN_ABOUT_RETURN_TYPE = YES_ERROR;
				GCC_WARN_UNDECLARED_SELECTOR = YES;
				GCC_WARN_UNINITIALIZED_AUTOS = YES_AGGRESSIVE;
				GCC_WARN_UNUSED_FUNCTION = YES;
				GCC_WARN_UNUSED_VARIABLE = YES;
				IPHONEOS_DEPLOYMENT_TARGET = 10.2;
				MTL_ENABLE_DEBUG_INFO = NO;
				SDKROOT = iphoneos;
				SWIFT_OPTIMIZATION_LEVEL = "-Owholemodule";
				VALIDATE_PRODUCT = YES;
			};
			name = Release;
		};
		2764292B1E63EF7B002239BF /* Debug */ = {
			isa = XCBuildConfiguration;
			buildSettings = {
				ASSETCATALOG_COMPILER_APPICON_NAME = AppIcon;
				DEVELOPMENT_TEAM = GLKJJ23FAT;
				INFOPLIST_FILE = "Swift3.0-009-字符串/Info.plist";
				LD_RUNPATH_SEARCH_PATHS = "$(inherited) @executable_path/Frameworks";
				PRODUCT_BUNDLE_IDENTIFIER = "tantan.Swift3-0-009----";
				PRODUCT_NAME = "$(TARGET_NAME)";
				SWIFT_VERSION = 3.0;
			};
			name = Debug;
		};
		2764292C1E63EF7B002239BF /* Release */ = {
			isa = XCBuildConfiguration;
			buildSettings = {
				ASSETCATALOG_COMPILER_APPICON_NAME = AppIcon;
				DEVELOPMENT_TEAM = GLKJJ23FAT;
				INFOPLIST_FILE = "Swift3.0-009-字符串/Info.plist";
				LD_RUNPATH_SEARCH_PATHS = "$(inherited) @executable_path/Frameworks";
				PRODUCT_BUNDLE_IDENTIFIER = "tantan.Swift3-0-009----";
				PRODUCT_NAME = "$(TARGET_NAME)";
				SWIFT_VERSION = 3.0;
			};
			name = Release;
		};
/* End XCBuildConfiguration section */

/* Begin XCConfigurationList section */
		276429131E63EF7B002239BF /* Build configuration list for PBXProject "Swift3.0-009-字符串" */ = {
			isa = XCConfigurationList;
			buildConfigurations = (
				276429281E63EF7B002239BF /* Debug */,
				276429291E63EF7B002239BF /* Release */,
			);
			defaultConfigurationIsVisible = 0;
			defaultConfigurationName = Release;
		};
		2764292A1E63EF7B002239BF /* Build configuration list for PBXNativeTarget "Swift3.0-009-字符串" */ = {
			isa = XCConfigurationList;
			buildConfigurations = (
				2764292B1E63EF7B002239BF /* Debug */,
				2764292C1E63EF7B002239BF /* Release */,
			);
			defaultConfigurationIsVisible = 0;
		};
/* End XCConfigurationList section */
	};
	rootObject = 276429101E63EF7B002239BF /* Project object */;
}
